
Microsoft Visual Studio Solution File, Format Version 12.00
# Visual Studio Version 16
VisualStudioVersion = 16.0.29411.108
MinimumVisualStudioVersion = 10.0.40219.1
Project("{9A19103F-16F7-4668-BE54-9A1E7A4F7556}") = "Angular-Azure", "Angular-Azure.csproj", "{564B5A38-AED5-462B-AA75-D8313F11E37A}"
EndProject
Global
	GlobalSection(SolutionConfigurationPlatforms) = preSolution
		Debug|Any CPU = Debug|Any CPU
		Release|Any CPU = Release|Any CPU
	EndGlobalSection
	GlobalSection(ProjectConfigurationPlatforms) = postSolution
		{564B5A38-AED5-462B-AA75-D8313F11E37A}.Debug|Any CPU.ActiveCfg = Debug|Any CPU
		{564B5A38-AED5-462B-AA75-D8313F11E37A}.Debug|Any CPU.Build.0 = Debug|Any CPU
		{564B5A38-AED5-462B-AA75-D8313F11E37A}.Release|Any CPU.ActiveCfg = Release|Any CPU
		{564B5A38-AED5-462B-AA75-D8313F11E37A}.Release|Any CPU.Build.0 = Release|Any CPU
	EndGlobalSection
	GlobalSection(SolutionProperties) = preSolution
		HideSolutionNode = FALSE
	EndGlobalSection
	GlobalSection(ExtensibilityGlobals) = postSolution
		SolutionGuid = {0AF90E86-9A85-4F00-99DC-6AC83AF55D7A}
	EndGlobalSection
EndGlobal
